
Microsoft Visual Studio Solution File, Format Version 12.00
# Visual Studio Version 16
VisualStudioVersion = 16.0.29230.47
MinimumVisualStudioVersion = 10.0.40219.1
Project("{FAE04EC0-301F-11D3-BF4B-00C04F79EFBC}") = "Local Music Folder Player", "Local Music Folder Player\Local Music Folder Player.csproj", "{F197FA84-B5FE-46B1-8855-25FFF14A368C}"
EndProject
Global
	GlobalSection(SolutionConfigurationPlatforms) = preSolution
		Debug|Any CPU = Debug|Any CPU
		Release|Any CPU = Release|Any CPU
	EndGlobalSection
	GlobalSection(ProjectConfigurationPlatforms) = postSolution
		{F197FA84-B5FE-46B1-8855-25FFF14A368C}.Debug|Any CPU.ActiveCfg = Debug|Any CPU
		{F197FA84-B5FE-46B1-8855-25FFF14A368C}.Debug|Any CPU.Build.0 = Debug|Any CPU
		{F197FA84-B5FE-46B1-8855-25FFF14A368C}.Release|Any CPU.ActiveCfg = Release|Any CPU
		{F197FA84-B5FE-46B1-8855-25FFF14A368C}.Release|Any CPU.Build.0 = Release|Any CPU
	EndGlobalSection
	GlobalSection(SolutionProperties) = preSolution
		HideSolutionNode = FALSE
	EndGlobalSection
	GlobalSection(ExtensibilityGlobals) = postSolution
		SolutionGuid = {03BA88F1-F629-47D5-B4C7-3838DF7B04B4}
	EndGlobalSection
EndGlobal
